PackratFormat: 1.4
PackratVersion: 0.3.0.99
RVersion: 3.1.0
Repos: CRAN=http://mirrors.xmu.edu.cn/CRAN/

Package: packrat
Source: github
Version: 0.3.0.99
GithubRepo: packrat
GithubUsername: rstudio
GithubRef: master
GithubSha1: b23b9bf8bef8b8a1dd08acf2e18c5e2e29c8979e
Hash: b23b9bf8bef8b8a1dd08acf2e18c5e2e29c8979e

Package: Rcpp
Source: CRAN
Version: 0.11.2
Hash: ef2b1a5e45d1461bd720e4ebbe48e601
